
Microsoft Visual Studio Solution File, Format Version 12.00
# Visual Studio Version 16
VisualStudioVersion = 16.0.30523.141
MinimumVisualStudioVersion = 10.0.40219.1
Project("{FAE04EC0-301F-11D3-BF4B-00C04F79EFBC}") = "Tienda.Common", "Tienda.Common\Tienda.Common.csproj", "{61FA6053-2827-4BDF-A7E3-EDD309216987}"
EndProject
Project("{FAE04EC0-301F-11D3-BF4B-00C04F79EFBC}") = "Tienda.Web", "Tienda.Web\Tienda.Web.csproj", "{955D1A25-46AE-4F70-9974-5EEE1100EA63}"
EndProject
Global
	GlobalSection(SolutionConfigurationPlatforms) = preSolution
		Debug|Any CPU = Debug|Any CPU
		Release|Any CPU = Release|Any CPU
	EndGlobalSection
	GlobalSection(ProjectConfigurationPlatforms) = postSolution
		{61FA6053-2827-4BDF-A7E3-EDD309216987}.Debug|Any CPU.ActiveCfg = Debug|Any CPU
		{61FA6053-2827-4BDF-A7E3-EDD309216987}.Debug|Any CPU.Build.0 = Debug|Any CPU
		{61FA6053-2827-4BDF-A7E3-EDD309216987}.Release|Any CPU.ActiveCfg = Release|Any CPU
		{61FA6053-2827-4BDF-A7E3-EDD309216987}.Release|Any CPU.Build.0 = Release|Any CPU
		{955D1A25-46AE-4F70-9974-5EEE1100EA63}.Debug|Any CPU.ActiveCfg = Debug|Any CPU
		{955D1A25-46AE-4F70-9974-5EEE1100EA63}.Debug|Any CPU.Build.0 = Debug|Any CPU
		{955D1A25-46AE-4F70-9974-5EEE1100EA63}.Release|Any CPU.ActiveCfg = Release|Any CPU
		{955D1A25-46AE-4F70-9974-5EEE1100EA63}.Release|Any CPU.Build.0 = Release|Any CPU
	EndGlobalSection
	GlobalSection(SolutionProperties) = preSolution
		HideSolutionNode = FALSE
	EndGlobalSection
	GlobalSection(ExtensibilityGlobals) = postSolution
		SolutionGuid = {3C4F8073-4AEE-47AE-B865-D9158376F046}
	EndGlobalSection
EndGlobal
